
Microsoft Visual Studio Solution File, Format Version 12.00
# Visual Studio Version 17
VisualStudioVersion = 17.0.32112.339
MinimumVisualStudioVersion = 10.0.40219.1
Project("{FAE04EC0-301F-11D3-BF4B-00C04F79EFBC}") = "site1", "site1.csproj", "{A9DEBDBE-AE49-4639-A9F6-5A442CC6BFDC}"
EndProject
Global
	GlobalSection(SolutionConfigurationPlatforms) = preSolution
		Debug|Any CPU = Debug|Any CPU
		Release|Any CPU = Release|Any CPU
	EndGlobalSection
	GlobalSection(ProjectConfigurationPlatforms) = postSolution
		{A9DEBDBE-AE49-4639-A9F6-5A442CC6BFDC}.Debug|Any CPU.ActiveCfg = Debug|Any CPU
		{A9DEBDBE-AE49-4639-A9F6-5A442CC6BFDC}.Debug|Any CPU.Build.0 = Debug|Any CPU
		{A9DEBDBE-AE49-4639-A9F6-5A442CC6BFDC}.Release|Any CPU.ActiveCfg = Release|Any CPU
		{A9DEBDBE-AE49-4639-A9F6-5A442CC6BFDC}.Release|Any CPU.Build.0 = Release|Any CPU
	EndGlobalSection
	GlobalSection(SolutionProperties) = preSolution
		HideSolutionNode = FALSE
	EndGlobalSection
	GlobalSection(ExtensibilityGlobals) = postSolution
		SolutionGuid = {9EE4E782-9F7B-4BB5-B3C8-7E5024FE953C}
	EndGlobalSection
EndGlobal
